
Microsoft Visual Studio Solution File, Format Version 12.00
# Visual Studio Version 16
VisualStudioVersion = 16.0.29209.62
MinimumVisualStudioVersion = 10.0.40219.1
Project("{8BC9CEB8-8B4A-11D0-8D11-00A0C91BC942}") = "QRUtil", "QRUtil\QRUtil.vcxproj", "{080FF8F2-651B-4BD2-A367-6736DC244F6E}"
EndProject
Global
	GlobalSection(SolutionConfigurationPlatforms) = preSolution
		Debug|x64 = Debug|x64
		Debug|x86 = Debug|x86
		Release|x64 = Release|x64
		Release|x86 = Release|x86
	EndGlobalSection
	GlobalSection(ProjectConfigurationPlatforms) = postSolution
		{080FF8F2-651B-4BD2-A367-6736DC244F6E}.Debug|x64.ActiveCfg = Debug|x64
		{080FF8F2-651B-4BD2-A367-6736DC244F6E}.Debug|x64.Build.0 = Debug|x64
		{080FF8F2-651B-4BD2-A367-6736DC244F6E}.Debug|x86.ActiveCfg = Debug|Win32
		{080FF8F2-651B-4BD2-A367-6736DC244F6E}.Debug|x86.Build.0 = Debug|Win32
		{080FF8F2-651B-4BD2-A367-6736DC244F6E}.Release|x64.ActiveCfg = Release|x64
		{080FF8F2-651B-4BD2-A367-6736DC244F6E}.Release|x64.Build.0 = Release|x64
		{080FF8F2-651B-4BD2-A367-6736DC244F6E}.Release|x86.ActiveCfg = Release|Win32
		{080FF8F2-651B-4BD2-A367-6736DC244F6E}.Release|x86.Build.0 = Release|Win32
	EndGlobalSection
	GlobalSection(SolutionProperties) = preSolution
		HideSolutionNode = FALSE
	EndGlobalSection
	GlobalSection(ExtensibilityGlobals) = postSolution
		SolutionGuid = {1233CEA0-603F-4100-888D-128D90598342}
	EndGlobalSection
EndGlobal
